
Microsoft Visual Studio Solution File, Format Version 12.00
# Visual Studio Version 17
VisualStudioVersion = 17.14.36109.1 d17.14
MinimumVisualStudioVersion = 10.0.40219.1
Project("{FAE04EC0-301F-11D3-BF4B-00C04F79EFBC}") = "HotelApplication", "HotelApplication\HotelApplication.csproj", "{77F9EC1A-CD7A-4D5E-85B5-AEE497F3999A}"
EndProject
Global
	GlobalSection(SolutionConfigurationPlatforms) = preSolution
		Debug|Any CPU = Debug|Any CPU
		Release|Any CPU = Release|Any CPU
	EndGlobalSection
	GlobalSection(ProjectConfigurationPlatforms) = postSolution
		{77F9EC1A-CD7A-4D5E-85B5-AEE497F3999A}.Debug|Any CPU.ActiveCfg = Debug|Any CPU
		{77F9EC1A-CD7A-4D5E-85B5-AEE497F3999A}.Debug|Any CPU.Build.0 = Debug|Any CPU
		{77F9EC1A-CD7A-4D5E-85B5-AEE497F3999A}.Release|Any CPU.ActiveCfg = Release|Any CPU
		{77F9EC1A-CD7A-4D5E-85B5-AEE497F3999A}.Release|Any CPU.Build.0 = Release|Any CPU
	EndGlobalSection
	GlobalSection(SolutionProperties) = preSolution
		HideSolutionNode = FALSE
	EndGlobalSection
	GlobalSection(ExtensibilityGlobals) = postSolution
		SolutionGuid = {AD3FE198-BBC3-4577-A74C-50CFF34F48D4}
	EndGlobalSection
EndGlobal
